
Microsoft Visual Studio Solution File, Format Version 12.00
# Visual Studio Version 17
VisualStudioVersion = 17.12.35527.113
MinimumVisualStudioVersion = 10.0.40219.1
Project("{FAE04EC0-301F-11D3-BF4B-00C04F79EFBC}") = "WasteManagementSystem.API", "WasteManagementSystem.API\WasteManagementSystem.API.csproj", "{EB1D3D04-38BF-438C-93E3-F86B501511F2}"
EndProject
Project("{FAE04EC0-301F-11D3-BF4B-00C04F79EFBC}") = "WasteManagementSystem.Data", "WasteManagementSystem.Data\WasteManagementSystem.Data.csproj", "{244FE10E-B322-4A72-98C2-2F1AB077C624}"
EndProject
Project("{FAE04EC0-301F-11D3-BF4B-00C04F79EFBC}") = "WasteManagementSystem.Business", "WasteManagementSystem.Business\WasteManagementSystem.Business.csproj", "{3F7BA29B-18AC-4D9A-9E6F-E310B5C836C3}"
EndProject
Global
	GlobalSection(SolutionConfigurationPlatforms) = preSolution
		Debug|Any CPU = Debug|Any CPU
		Release|Any CPU = Release|Any CPU
	EndGlobalSection
	GlobalSection(ProjectConfigurationPlatforms) = postSolution
		{EB1D3D04-38BF-438C-93E3-F86B501511F2}.Debug|Any CPU.ActiveCfg = Debug|Any CPU
		{EB1D3D04-38BF-438C-93E3-F86B501511F2}.Debug|Any CPU.Build.0 = Debug|Any CPU
		{EB1D3D04-38BF-438C-93E3-F86B501511F2}.Release|Any CPU.ActiveCfg = Release|Any CPU
		{EB1D3D04-38BF-438C-93E3-F86B501511F2}.Release|Any CPU.Build.0 = Release|Any CPU
		{244FE10E-B322-4A72-98C2-2F1AB077C624}.Debug|Any CPU.ActiveCfg = Debug|Any CPU
		{244FE10E-B322-4A72-98C2-2F1AB077C624}.Debug|Any CPU.Build.0 = Debug|Any CPU
		{244FE10E-B322-4A72-98C2-2F1AB077C624}.Release|Any CPU.ActiveCfg = Release|Any CPU
		{244FE10E-B322-4A72-98C2-2F1AB077C624}.Release|Any CPU.Build.0 = Release|Any CPU
		{3F7BA29B-18AC-4D9A-9E6F-E310B5C836C3}.Debug|Any CPU.ActiveCfg = Debug|Any CPU
		{3F7BA29B-18AC-4D9A-9E6F-E310B5C836C3}.Debug|Any CPU.Build.0 = Debug|Any CPU
		{3F7BA29B-18AC-4D9A-9E6F-E310B5C836C3}.Release|Any CPU.ActiveCfg = Release|Any CPU
		{3F7BA29B-18AC-4D9A-9E6F-E310B5C836C3}.Release|Any CPU.Build.0 = Release|Any CPU
	EndGlobalSection
	GlobalSection(SolutionProperties) = preSolution
		HideSolutionNode = FALSE
	EndGlobalSection
EndGlobal
